
Microsoft Visual Studio Solution File, Format Version 12.00
# Visual Studio Version 16
VisualStudioVersion = 16.0.31129.286
MinimumVisualStudioVersion = 10.0.40219.1
Project("{FAE04EC0-301F-11D3-BF4B-00C04F79EFBC}") = "GestionRelationClient", "GestionRelationClient\GestionRelationClient.csproj", "{82F5DE5B-868C-496A-928B-890B36219DBD}"
EndProject
Global
	GlobalSection(SolutionConfigurationPlatforms) = preSolution
		Debug|Any CPU = Debug|Any CPU
		Release|Any CPU = Release|Any CPU
	EndGlobalSection
	GlobalSection(ProjectConfigurationPlatforms) = postSolution
		{82F5DE5B-868C-496A-928B-890B36219DBD}.Debug|Any CPU.ActiveCfg = Debug|Any CPU
		{82F5DE5B-868C-496A-928B-890B36219DBD}.Debug|Any CPU.Build.0 = Debug|Any CPU
		{82F5DE5B-868C-496A-928B-890B36219DBD}.Release|Any CPU.ActiveCfg = Release|Any CPU
		{82F5DE5B-868C-496A-928B-890B36219DBD}.Release|Any CPU.Build.0 = Release|Any CPU
	EndGlobalSection
	GlobalSection(SolutionProperties) = preSolution
		HideSolutionNode = FALSE
	EndGlobalSection
	GlobalSection(ExtensibilityGlobals) = postSolution
		SolutionGuid = {32F618DC-64E9-40FE-9B7D-32E00E3DC8AC}
	EndGlobalSection
EndGlobal
